
Microsoft Visual Studio Solution File, Format Version 12.00
# Visual Studio Version 17
VisualStudioVersion = 17.5.33516.290
MinimumVisualStudioVersion = 10.0.40219.1
Project("{FAE04EC0-301F-11D3-BF4B-00C04F79EFBC}") = "InsuranceWebAPI", "InsuranceWebAPI\InsuranceWebAPI.csproj", "{0384FD42-A96E-4A1E-89FC-5C7C49095D17}"
EndProject
Global
	GlobalSection(SolutionConfigurationPlatforms) = preSolution
		Debug|Any CPU = Debug|Any CPU
		Release|Any CPU = Release|Any CPU
	EndGlobalSection
	GlobalSection(ProjectConfigurationPlatforms) = postSolution
		{0384FD42-A96E-4A1E-89FC-5C7C49095D17}.Debug|Any CPU.ActiveCfg = Debug|Any CPU
		{0384FD42-A96E-4A1E-89FC-5C7C49095D17}.Debug|Any CPU.Build.0 = Debug|Any CPU
		{0384FD42-A96E-4A1E-89FC-5C7C49095D17}.Release|Any CPU.ActiveCfg = Release|Any CPU
		{0384FD42-A96E-4A1E-89FC-5C7C49095D17}.Release|Any CPU.Build.0 = Release|Any CPU
	EndGlobalSection
	GlobalSection(SolutionProperties) = preSolution
		HideSolutionNode = FALSE
	EndGlobalSection
	GlobalSection(ExtensibilityGlobals) = postSolution
		SolutionGuid = {F53FAB65-E91C-4854-8BDB-E768D9BB4AE6}
	EndGlobalSection
EndGlobal
