
Microsoft Visual Studio Solution File, Format Version 12.00
# Visual Studio Version 16
VisualStudioVersion = 16.0.33529.622
MinimumVisualStudioVersion = 10.0.40219.1
Project("{FAE04EC0-301F-11D3-BF4B-00C04F79EFBC}") = "BPaasInsurance", "BPaasInsurance\BPaasInsurance.csproj", "{C1019F5C-A708-40F0-9AB1-74D394AD32D2}"
EndProject
Global
	GlobalSection(SolutionConfigurationPlatforms) = preSolution
		Debug|Any CPU = Debug|Any CPU
		Release|Any CPU = Release|Any CPU
	EndGlobalSection
	GlobalSection(ProjectConfigurationPlatforms) = postSolution
		{C1019F5C-A708-40F0-9AB1-74D394AD32D2}.Debug|Any CPU.ActiveCfg = Debug|Any CPU
		{C1019F5C-A708-40F0-9AB1-74D394AD32D2}.Debug|Any CPU.Build.0 = Debug|Any CPU
		{C1019F5C-A708-40F0-9AB1-74D394AD32D2}.Release|Any CPU.ActiveCfg = Release|Any CPU
		{C1019F5C-A708-40F0-9AB1-74D394AD32D2}.Release|Any CPU.Build.0 = Release|Any CPU
	EndGlobalSection
	GlobalSection(SolutionProperties) = preSolution
		HideSolutionNode = FALSE
	EndGlobalSection
	GlobalSection(ExtensibilityGlobals) = postSolution
		SolutionGuid = {3245F95A-2E38-4E31-845F-FCC76191FAF8}
	EndGlobalSection
EndGlobal
